// !$*UTF8*$!
{
	archiveVersion = 1;
	classes = {
	};
	objectVersion = 51;
	objects = {

/* Begin PBXBuildFile section */
		9062E12338AC2FF12237DA16 /* Pods_Calorie_Tracker.framework in Frameworks */ = {isa = PBXBuildFile; fileRef = 8CC6E9ED8F8E9A77888ED49D /* Pods_Calorie_Tracker.framework */; };
		A3C7CE22232F2DF500A59451 /* AppDelegate.swift in Sources */ = {isa = PBXBuildFile; fileRef = A3C7CE21232F2DF500A59451 /* AppDelegate.swift */; };
		A3C7CE27232F2DF500A59451 /* Main.storyboard in Resources */ = {isa = PBXBuildFile; fileRef = A3C7CE25232F2DF500A59451 /* Main.storyboard */; };
		A3C7CE2A232F2DF500A59451 /* Calorie_Tracker.xcdatamodeld in Sources */ = {isa = PBXBuildFile; fileRef = A3C7CE28232F2DF500A59451 /* Calorie_Tracker.xcdatamodeld */; };
		A3C7CE2C232F2DF600A59451 /* Assets.xcassets in Resources */ = {isa = PBXBuildFile; fileRef = A3C7CE2B232F2DF600A59451 /* Assets.xcassets */; };
		A3C7CE2F232F2DF600A59451 /* LaunchScreen.storyboard in Resources */ = {isa = PBXBuildFile; fileRef = A3C7CE2D232F2DF600A59451 /* LaunchScreen.storyboard */; };
		A3C7CE37232F32E300A59451 /* CalorieTrackerViewController.swift in Sources */ = {isa = PBXBuildFile; fileRef = A3C7CE36232F32E300A59451 /* CalorieTrackerViewController.swift */; };
		A3C7CE3B232F365C00A59451 /* CalorieController.swift in Sources */ = {isa = PBXBuildFile; fileRef = A3C7CE3A232F365C00A59451 /* CalorieController.swift */; };
		A3C7CE3D232F366A00A59451 /* CoreDataStack.swift in Sources */ = {isa = PBXBuildFile; fileRef = A3C7CE3C232F366A00A59451 /* CoreDataStack.swift */; };
		A3C7CE3F232F367B00A59451 /* Calorie+Convenience.swift in Sources */ = {isa = PBXBuildFile; fileRef = A3C7CE3E232F367B00A59451 /* Calorie+Convenience.swift */; };
/* End PBXBuildFile section */

/* Begin PBXFileReference section */
		8CC6E9ED8F8E9A77888ED49D /* Pods_Calorie_Tracker.framework */ = {isa = PBXFileReference; explicitFileType = wrapper.framework; includeInIndex = 0; path = Pods_Calorie_Tracker.framework; sourceTree = BUILT_PRODUCTS_DIR; };
		A3C7CE1E232F2DF500A59451 /* Calorie Tracker.app */ = {isa = PBXFileReference; explicitFileType = wrapper.application; includeInIndex = 0; path = "Calorie Tracker.app"; sourceTree = BUILT_PRODUCTS_DIR; };
		A3C7CE21232F2DF500A59451 /* AppDelegate.swift */ = {isa = PBXFileReference; lastKnownFileType = sourcecode.swift; path = AppDelegate.swift; sourceTree = "<group>"; };
		A3C7CE26232F2DF500A59451 /* Base */ = {isa = PBXFileReference; lastKnownFileType = file.storyboard; name = Base; path = Base.lproj/Main.storyboard; sourceTree = "<group>"; };
		A3C7CE29232F2DF500A59451 /* Calorie_Tracker.xcdatamodel */ = {isa = PBXFileReference; lastKnownFileType = wrapper.xcdatamodel; path = Calorie_Tracker.xcdatamodel; sourceTree = "<group>"; };
		A3C7CE2B232F2DF600A59451 /* Assets.xcassets */ = {isa = PBXFileReference; lastKnownFileType = folder.assetcatalog; path = Assets.xcassets; sourceTree = "<group>"; };
		A3C7CE2E232F2DF600A59451 /* Base */ = {isa = PBXFileReference; lastKnownFileType = file.storyboard; name = Base; path = Base.lproj/LaunchScreen.storyboard; sourceTree = "<group>"; };
		A3C7CE30232F2DF600A59451 /* Info.plist */ = {isa = PBXFileReference; lastKnownFileType = text.plist.xml; path = Info.plist; sourceTree = "<group>"; };
		A3C7CE36232F32E300A59451 /* CalorieTrackerViewController.swift */ = {isa = PBXFileReference; lastKnownFileType = sourcecode.swift; name = CalorieTrackerViewController.swift; path = "/Users/chichi/Documents/coding/ios-sprint-challenge-calorie-tracker/Calorie Tracker/CalorieTrackerViewController.swift"; sourceTree = "<absolute>"; };
		A3C7CE3A232F365C00A59451 /* CalorieController.swift */ = {isa = PBXFileReference; lastKnownFileType = sourcecode.swift; path = CalorieController.swift; sourceTree = "<group>"; };
		A3C7CE3C232F366A00A59451 /* CoreDataStack.swift */ = {isa = PBXFileReference; lastKnownFileType = sourcecode.swift; path = CoreDataStack.swift; sourceTree = "<group>"; };
		A3C7CE3E232F367B00A59451 /* Calorie+Convenience.swift */ = {isa = PBXFileReference; lastKnownFileType = sourcecode.swift; path = "Calorie+Convenience.swift"; sourceTree = "<group>"; };
		BA94C1261EC23A0C6C32B351 /* Pods-Calorie Tracker.release.xcconfig */ = {isa = PBXFileReference; includeInIndex = 1; lastKnownFileType = text.xcconfig; name = "Pods-Calorie Tracker.release.xcconfig"; path = "Target Support Files/Pods-Calorie Tracker/Pods-Calorie Tracker.release.xcconfig"; sourceTree = "<group>"; };
		EE416416A44F7D070CC0E5C5 /* Pods-Calorie Tracker.debug.xcconfig */ = {isa = PBXFileReference; includeInIndex = 1; lastKnownFileType = text.xcconfig; name = "Pods-Calorie Tracker.debug.xcconfig"; path = "Target Support Files/Pods-Calorie Tracker/Pods-Calorie Tracker.debug.xcconfig"; sourceTree = "<group>"; };
/* End PBXFileReference section */

/* Begin PBXFrameworksBuildPhase section */
		A3C7CE1B232F2DF500A59451 /* Frameworks */ = {
			isa = PBXFrameworksBuildPhase;
			buildActionMask = 2147483647;
			files = (
				9062E12338AC2FF12237DA16 /* Pods_Calorie_Tracker.framework in Frameworks */,
			);
			runOnlyForDeploymentPostprocessing = 0;
		};
/* End PBXFrameworksBuildPhase section */

/* Begin PBXGroup section */
		85ADFC5A6B4A47315EC20343 /* Pods */ = {
			isa = PBXGroup;
			children = (
				EE416416A44F7D070CC0E5C5 /* Pods-Calorie Tracker.debug.xcconfig */,
				BA94C1261EC23A0C6C32B351 /* Pods-Calorie Tracker.release.xcconfig */,
			);
			path = Pods;
			sourceTree = "<group>";
		};
		A3C7CE15232F2DF500A59451 = {
			isa = PBXGroup;
			children = (
				A3C7CE20232F2DF500A59451 /* Calorie Tracker */,
				A3C7CE1F232F2DF500A59451 /* Products */,
				85ADFC5A6B4A47315EC20343 /* Pods */,
				E2500B856C062E81BCF93B85 /* Frameworks */,
			);
			sourceTree = "<group>";
		};
		A3C7CE1F232F2DF500A59451 /* Products */ = {
			isa = PBXGroup;
			children = (
				A3C7CE1E232F2DF500A59451 /* Calorie Tracker.app */,
			);
			name = Products;
			sourceTree = "<group>";
		};
		A3C7CE20232F2DF500A59451 /* Calorie Tracker */ = {
			isa = PBXGroup;
			children = (
				A3C7CE39232F34E900A59451 /* Model */,
				A3C7CE38232F34E000A59451 /* CoreData */,
				A3C7CE21232F2DF500A59451 /* AppDelegate.swift */,
				A3C7CE36232F32E300A59451 /* CalorieTrackerViewController.swift */,
				A3C7CE25232F2DF500A59451 /* Main.storyboard */,
				A3C7CE2B232F2DF600A59451 /* Assets.xcassets */,
				A3C7CE2D232F2DF600A59451 /* LaunchScreen.storyboard */,
				A3C7CE30232F2DF600A59451 /* Info.plist */,
			);
			path = "Calorie Tracker";
			sourceTree = "<group>";
		};
		A3C7CE38232F34E000A59451 /* CoreData */ = {
			isa = PBXGroup;
			children = (
				A3C7CE3C232F366A00A59451 /* CoreDataStack.swift */,
				A3C7CE3E232F367B00A59451 /* Calorie+Convenience.swift */,
				A3C7CE28232F2DF500A59451 /* Calorie_Tracker.xcdatamodeld */,
			);
			path = CoreData;
			sourceTree = "<group>";
		};
		A3C7CE39232F34E900A59451 /* Model */ = {
			isa = PBXGroup;
			children = (
				A3C7CE3A232F365C00A59451 /* CalorieController.swift */,
			);
			path = Model;
			sourceTree = "<group>";
		};
		E2500B856C062E81BCF93B85 /* Frameworks */ = {
			isa = PBXGroup;
			children = (
				8CC6E9ED8F8E9A77888ED49D /* Pods_Calorie_Tracker.framework */,
			);
			name = Frameworks;
			sourceTree = "<group>";
		};
/* End PBXGroup section */

/* Begin PBXNativeTarget section */
		A3C7CE1D232F2DF500A59451 /* Calorie Tracker */ = {
			isa = PBXNativeTarget;
			buildConfigurationList = A3C7CE33232F2DF600A59451 /* Build configuration list for PBXNativeTarget "Calorie Tracker" */;
			buildPhases = (
				2B6DF5D21E5E23CAD2711C2E /* [CP] Check Pods Manifest.lock */,
				A3C7CE1A232F2DF500A59451 /* Sources */,
				A3C7CE1B232F2DF500A59451 /* Frameworks */,
				A3C7CE1C232F2DF500A59451 /* Resources */,
				C9D967487499F322EAE39937 /* [CP] Embed Pods Frameworks */,
			);
			buildRules = (
			);
			dependencies = (
			);
			name = "Calorie Tracker";
			productName = "Calorie Tracker";
			productReference = A3C7CE1E232F2DF500A59451 /* Calorie Tracker.app */;
			productType = "com.apple.product-type.application";
		};
/* End PBXNativeTarget section */

/* Begin PBXProject section */
		A3C7CE16232F2DF500A59451 /* Project object */ = {
			isa = PBXProject;
			attributes = {
				LastSwiftUpdateCheck = 1030;
				LastUpgradeCheck = 1030;
				ORGANIZATIONNAME = "Stephanie Bowles";
				TargetAttributes = {
					A3C7CE1D232F2DF500A59451 = {
						CreatedOnToolsVersion = 10.3;
					};
				};
			};
			buildConfigurationList = A3C7CE19232F2DF500A59451 /* Build configuration list for PBXProject "Calorie Tracker" */;
			compatibilityVersion = "Xcode 9.3";
			developmentRegion = en;
			hasScannedForEncodings = 0;
			knownRegions = (
				en,
				Base,
			);
			mainGroup = A3C7CE15232F2DF500A59451;
			productRefGroup = A3C7CE1F232F2DF500A59451 /* Products */;
			projectDirPath = "";
			projectRoot = "";
			targets = (
				A3C7CE1D232F2DF500A59451 /* Calorie Tracker */,
			);
		};
/* End PBXProject section */

/* Begin PBXResourcesBuildPhase section */
		A3C7CE1C232F2DF500A59451 /* Resources */ = {
			isa = PBXResourcesBuildPhase;
			buildActionMask = 2147483647;
			files = (
				A3C7CE2F232F2DF600A59451 /* LaunchScreen.storyboard in Resources */,
				A3C7CE2C232F2DF600A59451 /* Assets.xcassets in Resources */,
				A3C7CE27232F2DF500A59451 /* Main.storyboard in Resources */,
			);
			runOnlyForDeploymentPostprocessing = 0;
		};
/* End PBXResourcesBuildPhase section */

/* Begin PBXShellScriptBuildPhase section */
		2B6DF5D21E5E23CAD2711C2E /* [CP] Check Pods Manifest.lock */ = {
			isa = PBXShellScriptBuildPhase;
			buildActionMask = 2147483647;
			files = (
			);
			inputFileListPaths = (
			);
			inputPaths = (
				"${PODS_PODFILE_DIR_PATH}/Podfile.lock",
				"${PODS_ROOT}/Manifest.lock",
			);
			name = "[CP] Check Pods Manifest.lock";
			outputFileListPaths = (
			);
			outputPaths = (
				"$(DERIVED_FILE_DIR)/Pods-Calorie Tracker-checkManifestLockResult.txt",
			);
			runOnlyForDeploymentPostprocessing = 0;
			shellPath = /bin/sh;
			shellScript = "diff \"${PODS_PODFILE_DIR_PATH}/Podfile.lock\" \"${PODS_ROOT}/Manifest.lock\" > /dev/null\nif [ $? != 0 ] ; then\n    # print error to STDERR\n    echo \"error: The sandbox is not in sync with the Podfile.lock. Run 'pod install' or update your CocoaPods installation.\" >&2\n    exit 1\nfi\n# This output is used by Xcode 'outputs' to avoid re-running this script phase.\necho \"SUCCESS\" > \"${SCRIPT_OUTPUT_FILE_0}\"\n";
			showEnvVarsInLog = 0;
		};
		C9D967487499F322EAE39937 /* [CP] Embed Pods Frameworks */ = {
			isa = PBXShellScriptBuildPhase;
			buildActionMask = 2147483647;
			files = (
			);
			inputFileListPaths = (
				"${PODS_ROOT}/Target Support Files/Pods-Calorie Tracker/Pods-Calorie Tracker-frameworks-${CONFIGURATION}-input-files.xcfilelist",
			);
			name = "[CP] Embed Pods Frameworks";
			outputFileListPaths = (
				"${PODS_ROOT}/Target Support Files/Pods-Calorie Tracker/Pods-Calorie Tracker-frameworks-${CONFIGURATION}-output-files.xcfilelist",
			);
			runOnlyForDeploymentPostprocessing = 0;
			shellPath = /bin/sh;
			shellScript = "\"${PODS_ROOT}/Target Support Files/Pods-Calorie Tracker/Pods-Calorie Tracker-frameworks.sh\"\n";
			showEnvVarsInLog = 0;
		};
/* End PBXShellScriptBuildPhase section */

/* Begin PBXSourcesBuildPhase section */
		A3C7CE1A232F2DF500A59451 /* Sources */ = {
			isa = PBXSourcesBuildPhase;
			buildActionMask = 2147483647;
			files = (
				A3C7CE3D232F366A00A59451 /* CoreDataStack.swift in Sources */,
				A3C7CE3F232F367B00A59451 /* Calorie+Convenience.swift in Sources */,
				A3C7CE2A232F2DF500A59451 /* Calorie_Tracker.xcdatamodeld in Sources */,
				A3C7CE3B232F365C00A59451 /* CalorieController.swift in Sources */,
				A3C7CE37232F32E300A59451 /* CalorieTrackerViewController.swift in Sources */,
				A3C7CE22232F2DF500A59451 /* AppDelegate.swift in Sources */,
			);
			runOnlyForDeploymentPostprocessing = 0;
		};
/* End PBXSourcesBuildPhase section */

/* Begin PBXVariantGroup section */
		A3C7CE25232F2DF500A59451 /* Main.storyboard */ = {
			isa = PBXVariantGroup;
			children = (
				A3C7CE26232F2DF500A59451 /* Base */,
			);
			name = Main.storyboard;
			sourceTree = "<group>";
		};
		A3C7CE2D232F2DF600A59451 /* LaunchScreen.storyboard */ = {
			isa = PBXVariantGroup;
			children = (
				A3C7CE2E232F2DF600A59451 /* Base */,
			);
			name = LaunchScreen.storyboard;
			sourceTree = "<group>";
		};
/* End PBXVariantGroup section */

/* Begin XCBuildConfiguration section */
		A3C7CE31232F2DF600A59451 /* Debug */ = {
			isa = XCBuildConfiguration;
			buildSettings = {
				ALWAYS_SEARCH_USER_PATHS = NO;
				CLANG_ANALYZER_NONNULL = YES;
				CLANG_ANALYZER_NUMBER_OBJECT_CONVERSION = YES_AGGRESSIVE;
				CLANG_CXX_LANGUAGE_STANDARD = "gnu++14";
				CLANG_CXX_LIBRARY = "libc++";
				CLANG_ENABLE_MODULES = YES;
				CLANG_ENABLE_OBJC_ARC = YES;
				CLANG_ENABLE_OBJC_WEAK = YES;
				CLANG_WARN_BLOCK_CAPTURE_AUTORELEASING = YES;
				CLANG_WARN_BOOL_CONVERSION = YES;
				CLANG_WARN_COMMA = YES;
				CLANG_WARN_CONSTANT_CONVERSION = YES;
				CLANG_WARN_DEPRECATED_OBJC_IMPLEMENTATIONS = YES;
				CLANG_WARN_DIRECT_OBJC_ISA_USAGE = YES_ERROR;
				CLANG_WARN_DOCUMENTATION_COMMENTS = YES;
				CLANG_WARN_EMPTY_BODY = YES;
				CLANG_WARN_ENUM_CONVERSION = YES;
				CLANG_WARN_INFINITE_RECURSION = YES;
				CLANG_WARN_INT_CONVERSION = YES;
				CLANG_WARN_NON_LITERAL_NULL_CONVERSION = YES;
				CLANG_WARN_OBJC_IMPLICIT_RETAIN_SELF = YES;
				CLANG_WARN_OBJC_LITERAL_CONVERSION = YES;
				CLANG_WARN_OBJC_ROOT_CLASS = YES_ERROR;
				CLANG_WARN_RANGE_LOOP_ANALYSIS = YES;
				CLANG_WARN_STRICT_PROTOTYPES = YES;
				CLANG_WARN_SUSPICIOUS_MOVE = YES;
				CLANG_WARN_UNGUARDED_AVAILABILITY = YES_AGGRESSIVE;
				CLANG_WARN_UNREACHABLE_CODE = YES;
				CLANG_WARN__DUPLICATE_METHOD_MATCH = YES;
				CODE_SIGN_IDENTITY = "iPhone Developer";
				COPY_PHASE_STRIP = NO;
				DEBUG_INFORMATION_FORMAT = dwarf;
				ENABLE_STRICT_OBJC_MSGSEND = YES;
				ENABLE_TESTABILITY = YES;
				GCC_C_LANGUAGE_STANDARD = gnu11;
				GCC_DYNAMIC_NO_PIC = NO;
				GCC_NO_COMMON_BLOCKS = YES;
				GCC_OPTIMIZATION_LEVEL = 0;
				GCC_PREPROCESSOR_DEFINITIONS = (
					"DEBUG=1",
					"$(inherited)",
				);
				GCC_WARN_64_TO_32_BIT_CONVERSION = YES;
				GCC_WARN_ABOUT_RETURN_TYPE = YES_ERROR;
				GCC_WARN_UNDECLARED_SELECTOR = YES;
				GCC_WARN_UNINITIALIZED_AUTOS = YES_AGGRESSIVE;
				GCC_WARN_UNUSED_FUNCTION = YES;
				GCC_WARN_UNUSED_VARIABLE = YES;
				IPHONEOS_DEPLOYMENT_TARGET = 12.4;
				MTL_ENABLE_DEBUG_INFO = INCLUDE_SOURCE;
				MTL_FAST_MATH = YES;
				ONLY_ACTIVE_ARCH = YES;
				SDKROOT = iphoneos;
				SWIFT_ACTIVE_COMPILATION_CONDITIONS = DEBUG;
				SWIFT_OPTIMIZATION_LEVEL = "-Onone";
			};
			name = Debug;
		};
		A3C7CE32232F2DF600A59451 /* Release */ = {
			isa = XCBuildConfiguration;
			buildSettings = {
				ALWAYS_SEARCH_USER_PATHS = NO;
				CLANG_ANALYZER_NONNULL = YES;
				CLANG_ANALYZER_NUMBER_OBJECT_CONVERSION = YES_AGGRESSIVE;
				CLANG_CXX_LANGUAGE_STANDARD = "gnu++14";
				CLANG_CXX_LIBRARY = "libc++";
				CLANG_ENABLE_MODULES = YES;
				CLANG_ENABLE_OBJC_ARC = YES;
				CLANG_ENABLE_OBJC_WEAK = YES;
				CLANG_WARN_BLOCK_CAPTURE_AUTORELEASING = YES;
				CLANG_WARN_BOOL_CONVERSION = YES;
				CLANG_WARN_COMMA = YES;
				CLANG_WARN_CONSTANT_CONVERSION = YES;
				CLANG_WARN_DEPRECATED_OBJC_IMPLEMENTATIONS = YES;
				CLANG_WARN_DIRECT_OBJC_ISA_USAGE = YES_ERROR;
				CLANG_WARN_DOCUMENTATION_COMMENTS = YES;
				CLANG_WARN_EMPTY_BODY = YES;
				CLANG_WARN_ENUM_CONVERSION = YES;
				CLANG_WARN_INFINITE_RECURSION = YES;
				CLANG_WARN_INT_CONVERSION = YES;
				CLANG_WARN_NON_LITERAL_NULL_CONVERSION = YES;
				CLANG_WARN_OBJC_IMPLICIT_RETAIN_SELF = YES;
				CLANG_WARN_OBJC_LITERAL_CONVERSION = YES;
				CLANG_WARN_OBJC_ROOT_CLASS = YES_ERROR;
				CLANG_WARN_RANGE_LOOP_ANALYSIS = YES;
				CLANG_WARN_STRICT_PROTOTYPES = YES;
				CLANG_WARN_SUSPICIOUS_MOVE = YES;
				CLANG_WARN_UNGUARDED_AVAILABILITY = YES_AGGRESSIVE;
				CLANG_WARN_UNREACHABLE_CODE = YES;
				CLANG_WARN__DUPLICATE_METHOD_MATCH = YES;
				CODE_SIGN_IDENTITY = "iPhone Developer";
				COPY_PHASE_STRIP = NO;
				DEBUG_INFORMATION_FORMAT = "dwarf-with-dsym";
				ENABLE_NS_ASSERTIONS = NO;
				ENABLE_STRICT_OBJC_MSGSEND = YES;
				GCC_C_LANGUAGE_STANDARD = gnu11;
				GCC_NO_COMMON_BLOCKS = YES;
				GCC_WARN_64_TO_32_BIT_CONVERSION = YES;
				GCC_WARN_ABOUT_RETURN_TYPE = YES_ERROR;
				GCC_WARN_UNDECLARED_SELECTOR = YES;
				GCC_WARN_UNINITIALIZED_AUTOS = YES_AGGRESSIVE;
				GCC_WARN_UNUSED_FUNCTION = YES;
				GCC_WARN_UNUSED_VARIABLE = YES;
				IPHONEOS_DEPLOYMENT_TARGET = 12.4;
				MTL_ENABLE_DEBUG_INFO = NO;
				MTL_FAST_MATH = YES;
				SDKROOT = iphoneos;
				SWIFT_COMPILATION_MODE = wholemodule;
				SWIFT_OPTIMIZATION_LEVEL = "-O";
				VALIDATE_PRODUCT = YES;
			};
			name = Release;
		};
		A3C7CE34232F2DF600A59451 /* Debug */ = {
			isa = XCBuildConfiguration;
			baseConfigurationReference = EE416416A44F7D070CC0E5C5 /* Pods-Calorie Tracker.debug.xcconfig */;
			buildSettings = {
				ASSETCATALOG_COMPILER_APPICON_NAME = AppIcon;
				CODE_SIGN_STYLE = Automatic;
				INFOPLIST_FILE = "Calorie Tracker/Info.plist";
				LD_RUNPATH_SEARCH_PATHS = (
					"$(inherited)",
					"@executable_path/Frameworks",
				);
				PRODUCT_BUNDLE_IDENTIFIER = "demo.Calorie-Tracker";
				PRODUCT_NAME = "$(TARGET_NAME)";
				SWIFT_VERSION = 5.0;
				TARGETED_DEVICE_FAMILY = "1,2";
			};
			name = Debug;
		};
		A3C7CE35232F2DF600A59451 /* Release */ = {
			isa = XCBuildConfiguration;
			baseConfigurationReference = BA94C1261EC23A0C6C32B351 /* Pods-Calorie Tracker.release.xcconfig */;
			buildSettings = {
				ASSETCATALOG_COMPILER_APPICON_NAME = AppIcon;
				CODE_SIGN_STYLE = Automatic;
				INFOPLIST_FILE = "Calorie Tracker/Info.plist";
				LD_RUNPATH_SEARCH_PATHS = (
					"$(inherited)",
					"@executable_path/Frameworks",
				);
				PRODUCT_BUNDLE_IDENTIFIER = "demo.Calorie-Tracker";
				PRODUCT_NAME = "$(TARGET_NAME)";
				SWIFT_VERSION = 5.0;
				TARGETED_DEVICE_FAMILY = "1,2";
			};
			name = Release;
		};
/* End XCBuildConfiguration section */

/* Begin XCConfigurationList section */
		A3C7CE19232F2DF500A59451 /* Build configuration list for PBXProject "Calorie Tracker" */ = {
			isa = XCConfigurationList;
			buildConfigurations = (
				A3C7CE31232F2DF600A59451 /* Debug */,
				A3C7CE32232F2DF600A59451 /* Release */,
			);
			defaultConfigurationIsVisible = 0;
			defaultConfigurationName = Release;
		};
		A3C7CE33232F2DF600A59451 /* Build configuration list for PBXNativeTarget "Calorie Tracker" */ = {
			isa = XCConfigurationList;
			buildConfigurations = (
				A3C7CE34232F2DF600A59451 /* Debug */,
				A3C7CE35232F2DF600A59451 /* Release */,
			);
			defaultConfigurationIsVisible = 0;
			defaultConfigurationName = Release;
		};
/* End XCConfigurationList section */

/* Begin XCVersionGroup section */
		A3C7CE28232F2DF500A59451 /* Calorie_Tracker.xcdatamodeld */ = {
			isa = XCVersionGroup;
			children = (
				A3C7CE29232F2DF500A59451 /* Calorie_Tracker.xcdatamodel */,
			);
			currentVersion = A3C7CE29232F2DF500A59451 /* Calorie_Tracker.xcdatamodel */;
			path = Calorie_Tracker.xcdatamodeld;
			sourceTree = "<group>";
			versionGroupType = wrapper.xcdatamodel;
		};
/* End XCVersionGroup section */
	};
	rootObject = A3C7CE16232F2DF500A59451 /* Project object */;
}
